
Microsoft Visual Studio Solution File, Format Version 12.00
# Visual Studio 15
VisualStudioVersion = 15.0.27428.2015
MinimumVisualStudioVersion = 10.0.40219.1
Project("{FAE04EC0-301F-11D3-BF4B-00C04F79EFBC}") = "Diagonal_Difference", "Diagonal_Difference.csproj", "{7E2CFB55-803B-4290-A3C8-7E1BCFC08B6B}"
EndProject
Global
	GlobalSection(SolutionConfigurationPlatforms) = preSolution
		Debug|Any CPU = Debug|Any CPU
		Release|Any CPU = Release|Any CPU
	EndGlobalSection
	GlobalSection(ProjectConfigurationPlatforms) = postSolution
		{7E2CFB55-803B-4290-A3C8-7E1BCFC08B6B}.Debug|Any CPU.ActiveCfg = Debug|Any CPU
		{7E2CFB55-803B-4290-A3C8-7E1BCFC08B6B}.Debug|Any CPU.Build.0 = Debug|Any CPU
		{7E2CFB55-803B-4290-A3C8-7E1BCFC08B6B}.Release|Any CPU.ActiveCfg = Release|Any CPU
		{7E2CFB55-803B-4290-A3C8-7E1BCFC08B6B}.Release|Any CPU.Build.0 = Release|Any CPU
	EndGlobalSection
	GlobalSection(SolutionProperties) = preSolution
		HideSolutionNode = FALSE
	EndGlobalSection
	GlobalSection(ExtensibilityGlobals) = postSolution
		SolutionGuid = {EAB5C73A-D79F-4A57-86F5-897975898C57}
	EndGlobalSection
EndGlobal
