
Microsoft Visual Studio Solution File, Format Version 12.00
# Visual Studio 15
VisualStudioVersion = 15.0.27428.2015
MinimumVisualStudioVersion = 10.0.40219.1
Project("{FAE04EC0-301F-11D3-BF4B-00C04F79EFBC}") = "Kadane", "Kadane.csproj", "{24CB1CA3-F6AE-498E-8B2D-AF18C9BECA4F}"
EndProject
Global
	GlobalSection(SolutionConfigurationPlatforms) = preSolution
		Debug|Any CPU = Debug|Any CPU
		Release|Any CPU = Release|Any CPU
	EndGlobalSection
	GlobalSection(ProjectConfigurationPlatforms) = postSolution
		{24CB1CA3-F6AE-498E-8B2D-AF18C9BECA4F}.Debug|Any CPU.ActiveCfg = Debug|Any CPU
		{24CB1CA3-F6AE-498E-8B2D-AF18C9BECA4F}.Debug|Any CPU.Build.0 = Debug|Any CPU
		{24CB1CA3-F6AE-498E-8B2D-AF18C9BECA4F}.Release|Any CPU.ActiveCfg = Release|Any CPU
		{24CB1CA3-F6AE-498E-8B2D-AF18C9BECA4F}.Release|Any CPU.Build.0 = Release|Any CPU
	EndGlobalSection
	GlobalSection(SolutionProperties) = preSolution
		HideSolutionNode = FALSE
	EndGlobalSection
	GlobalSection(ExtensibilityGlobals) = postSolution
		SolutionGuid = {3CA4E74D-482E-4ADB-A3D1-BA090F8510A7}
	EndGlobalSection
EndGlobal
